
Microsoft Visual Studio Solution File, Format Version 12.00
# Visual Studio Version 17
VisualStudioVersion = 17.5.002.0
MinimumVisualStudioVersion = 10.0.40219.1
Project("{9A19103F-16F7-4668-BE54-9A1E7A4F7556}") = "Frog", "Frog.csproj", "{12B16406-B70A-471A-BFCA-B1A7F954CA63}"
EndProject
Global
	GlobalSection(SolutionConfigurationPlatforms) = preSolution
		Debug|Any CPU = Debug|Any CPU
		Release|Any CPU = Release|Any CPU
	EndGlobalSection
	GlobalSection(ProjectConfigurationPlatforms) = postSolution
		{12B16406-B70A-471A-BFCA-B1A7F954CA63}.Debug|Any CPU.ActiveCfg = Debug|Any CPU
		{12B16406-B70A-471A-BFCA-B1A7F954CA63}.Debug|Any CPU.Build.0 = Debug|Any CPU
		{12B16406-B70A-471A-BFCA-B1A7F954CA63}.Release|Any CPU.ActiveCfg = Release|Any CPU
		{12B16406-B70A-471A-BFCA-B1A7F954CA63}.Release|Any CPU.Build.0 = Release|Any CPU
	EndGlobalSection
	GlobalSection(SolutionProperties) = preSolution
		HideSolutionNode = FALSE
	EndGlobalSection
	GlobalSection(ExtensibilityGlobals) = postSolution
		SolutionGuid = {992DAFD6-3631-44BF-992E-C3CBD4078A5A}
	EndGlobalSection
EndGlobal
